// !$*UTF8*$!
{
	archiveVersion = 1;
	classes = {
	};
	objectVersion = 56;
	objects = {

/* Begin PBXBuildFile section */
		F660B819292FDFD200C8CF78 /* AppDelegate.swift in Sources */ = {isa = PBXBuildFile; fileRef = F660B818292FDFD200C8CF78 /* AppDelegate.swift */; };
		F660B81B292FDFD200C8CF78 /* SceneDelegate.swift in Sources */ = {isa = PBXBuildFile; fileRef = F660B81A292FDFD200C8CF78 /* SceneDelegate.swift */; };
		F660B81D292FDFD200C8CF78 /* HomeViewController.swift in Sources */ = {isa = PBXBuildFile; fileRef = F660B81C292FDFD200C8CF78 /* HomeViewController.swift */; };
		F660B820292FDFD200C8CF78 /* Main.storyboard in Resources */ = {isa = PBXBuildFile; fileRef = F660B81E292FDFD200C8CF78 /* Main.storyboard */; };
		F660B822292FDFD300C8CF78 /* Assets.xcassets in Resources */ = {isa = PBXBuildFile; fileRef = F660B821292FDFD300C8CF78 /* Assets.xcassets */; };
		F660B825292FDFD300C8CF78 /* LaunchScreen.storyboard in Resources */ = {isa = PBXBuildFile; fileRef = F660B823292FDFD300C8CF78 /* LaunchScreen.storyboard */; };
		F660B830292FDFFD00C8CF78 /* README.md in Resources */ = {isa = PBXBuildFile; fileRef = F660B82F292FDFFC00C8CF78 /* README.md */; };
		F660B832292FEA0A00C8CF78 /* Weather.swift in Sources */ = {isa = PBXBuildFile; fileRef = F660B831292FEA0A00C8CF78 /* Weather.swift */; };
		F660B834292FEA7600C8CF78 /* Main.swift in Sources */ = {isa = PBXBuildFile; fileRef = F660B833292FEA7600C8CF78 /* Main.swift */; };
		F6FD7C1C2937BD0300658597 /* WeatherBrain.swift in Sources */ = {isa = PBXBuildFile; fileRef = F6FD7C1B2937BD0300658597 /* WeatherBrain.swift */; };
		F6FD7C1E2937BDA200658597 /* extensionTextFieldDelegate.swift in Sources */ = {isa = PBXBuildFile; fileRef = F6FD7C1D2937BDA200658597 /* extensionTextFieldDelegate.swift */; };
/* End PBXBuildFile section */

/* Begin PBXFileReference section */
		F660B815292FDFD200C8CF78 /* WeatherMap.app */ = {isa = PBXFileReference; explicitFileType = wrapper.application; includeInIndex = 0; path = WeatherMap.app; sourceTree = BUILT_PRODUCTS_DIR; };
		F660B818292FDFD200C8CF78 /* AppDelegate.swift */ = {isa = PBXFileReference; lastKnownFileType = sourcecode.swift; path = AppDelegate.swift; sourceTree = "<group>"; };
		F660B81A292FDFD200C8CF78 /* SceneDelegate.swift */ = {isa = PBXFileReference; lastKnownFileType = sourcecode.swift; path = SceneDelegate.swift; sourceTree = "<group>"; };
		F660B81C292FDFD200C8CF78 /* HomeViewController.swift */ = {isa = PBXFileReference; lastKnownFileType = sourcecode.swift; path = HomeViewController.swift; sourceTree = "<group>"; };
		F660B81F292FDFD200C8CF78 /* Base */ = {isa = PBXFileReference; lastKnownFileType = file.storyboard; name = Base; path = Base.lproj/Main.storyboard; sourceTree = "<group>"; };
		F660B821292FDFD300C8CF78 /* Assets.xcassets */ = {isa = PBXFileReference; lastKnownFileType = folder.assetcatalog; path = Assets.xcassets; sourceTree = "<group>"; };
		F660B824292FDFD300C8CF78 /* Base */ = {isa = PBXFileReference; lastKnownFileType = file.storyboard; name = Base; path = Base.lproj/LaunchScreen.storyboard; sourceTree = "<group>"; };
		F660B826292FDFD300C8CF78 /* Info.plist */ = {isa = PBXFileReference; lastKnownFileType = text.plist.xml; path = Info.plist; sourceTree = "<group>"; };
		F660B82F292FDFFC00C8CF78 /* README.md */ = {isa = PBXFileReference; lastKnownFileType = net.daringfireball.markdown; path = README.md; sourceTree = "<group>"; };
		F660B831292FEA0A00C8CF78 /* Weather.swift */ = {isa = PBXFileReference; lastKnownFileType = sourcecode.swift; path = Weather.swift; sourceTree = "<group>"; };
		F660B833292FEA7600C8CF78 /* Main.swift */ = {isa = PBXFileReference; lastKnownFileType = sourcecode.swift; path = Main.swift; sourceTree = "<group>"; };
		F6FD7C1B2937BD0300658597 /* WeatherBrain.swift */ = {isa = PBXFileReference; lastKnownFileType = sourcecode.swift; path = WeatherBrain.swift; sourceTree = "<group>"; };
		F6FD7C1D2937BDA200658597 /* extensionTextFieldDelegate.swift */ = {isa = PBXFileReference; lastKnownFileType = sourcecode.swift; path = extensionTextFieldDelegate.swift; sourceTree = "<group>"; };
/* End PBXFileReference section */

/* Begin PBXFrameworksBuildPhase section */
		F660B812292FDFD200C8CF78 /* Frameworks */ = {
			isa = PBXFrameworksBuildPhase;
			buildActionMask = 2147483647;
			files = (
			);
			runOnlyForDeploymentPostprocessing = 0;
		};
/* End PBXFrameworksBuildPhase section */

/* Begin PBXGroup section */
		F660B80C292FDFD200C8CF78 = {
			isa = PBXGroup;
			children = (
				F660B817292FDFD200C8CF78 /* WeatherMap */,
				F660B816292FDFD200C8CF78 /* Products */,
			);
			sourceTree = "<group>";
		};
		F660B816292FDFD200C8CF78 /* Products */ = {
			isa = PBXGroup;
			children = (
				F660B815292FDFD200C8CF78 /* WeatherMap.app */,
			);
			name = Products;
			sourceTree = "<group>";
		};
		F660B817292FDFD200C8CF78 /* WeatherMap */ = {
			isa = PBXGroup;
			children = (
				F660B82E292FDFEB00C8CF78 /* Models */,
				F660B82D292FDFE600C8CF78 /* Views */,
				F660B82C292FDFDC00C8CF78 /* Controllers */,
				F660B818292FDFD200C8CF78 /* AppDelegate.swift */,
				F660B81A292FDFD200C8CF78 /* SceneDelegate.swift */,
				F660B821292FDFD300C8CF78 /* Assets.xcassets */,
				F660B823292FDFD300C8CF78 /* LaunchScreen.storyboard */,
				F660B826292FDFD300C8CF78 /* Info.plist */,
				F660B82F292FDFFC00C8CF78 /* README.md */,
			);
			path = WeatherMap;
			sourceTree = "<group>";
		};
		F660B82C292FDFDC00C8CF78 /* Controllers */ = {
			isa = PBXGroup;
			children = (
				F660B81C292FDFD200C8CF78 /* HomeViewController.swift */,
				F6FD7C1D2937BDA200658597 /* extensionTextFieldDelegate.swift */,
			);
			path = Controllers;
			sourceTree = "<group>";
		};
		F660B82D292FDFE600C8CF78 /* Views */ = {
			isa = PBXGroup;
			children = (
				F660B81E292FDFD200C8CF78 /* Main.storyboard */,
			);
			path = Views;
			sourceTree = "<group>";
		};
		F660B82E292FDFEB00C8CF78 /* Models */ = {
			isa = PBXGroup;
			children = (
				F660B831292FEA0A00C8CF78 /* Weather.swift */,
				F660B833292FEA7600C8CF78 /* Main.swift */,
				F6FD7C1B2937BD0300658597 /* WeatherBrain.swift */,
			);
			path = Models;
			sourceTree = "<group>";
		};
/* End PBXGroup section */

/* Begin PBXNativeTarget section */
		F660B814292FDFD200C8CF78 /* WeatherMap */ = {
			isa = PBXNativeTarget;
			buildConfigurationList = F660B829292FDFD300C8CF78 /* Build configuration list for PBXNativeTarget "WeatherMap" */;
			buildPhases = (
				F660B811292FDFD200C8CF78 /* Sources */,
				F660B812292FDFD200C8CF78 /* Frameworks */,
				F660B813292FDFD200C8CF78 /* Resources */,
			);
			buildRules = (
			);
			dependencies = (
			);
			name = WeatherMap;
			productName = WeatherMap;
			productReference = F660B815292FDFD200C8CF78 /* WeatherMap.app */;
			productType = "com.apple.product-type.application";
		};
/* End PBXNativeTarget section */

/* Begin PBXProject section */
		F660B80D292FDFD200C8CF78 /* Project object */ = {
			isa = PBXProject;
			attributes = {
				BuildIndependentTargetsInParallel = 1;
				LastSwiftUpdateCheck = 1400;
				LastUpgradeCheck = 1400;
				TargetAttributes = {
					F660B814292FDFD200C8CF78 = {
						CreatedOnToolsVersion = 14.0.1;
					};
				};
			};
			buildConfigurationList = F660B810292FDFD200C8CF78 /* Build configuration list for PBXProject "WeatherMap" */;
			compatibilityVersion = "Xcode 14.0";
			developmentRegion = en;
			hasScannedForEncodings = 0;
			knownRegions = (
				en,
				Base,
			);
			mainGroup = F660B80C292FDFD200C8CF78;
			productRefGroup = F660B816292FDFD200C8CF78 /* Products */;
			projectDirPath = "";
			projectRoot = "";
			targets = (
				F660B814292FDFD200C8CF78 /* WeatherMap */,
			);
		};
/* End PBXProject section */

/* Begin PBXResourcesBuildPhase section */
		F660B813292FDFD200C8CF78 /* Resources */ = {
			isa = PBXResourcesBuildPhase;
			buildActionMask = 2147483647;
			files = (
				F660B825292FDFD300C8CF78 /* LaunchScreen.storyboard in Resources */,
				F660B822292FDFD300C8CF78 /* Assets.xcassets in Resources */,
				F660B830292FDFFD00C8CF78 /* README.md in Resources */,
				F660B820292FDFD200C8CF78 /* Main.storyboard in Resources */,
			);
			runOnlyForDeploymentPostprocessing = 0;
		};
/* End PBXResourcesBuildPhase section */

/* Begin PBXSourcesBuildPhase section */
		F660B811292FDFD200C8CF78 /* Sources */ = {
			isa = PBXSourcesBuildPhase;
			buildActionMask = 2147483647;
			files = (
				F660B834292FEA7600C8CF78 /* Main.swift in Sources */,
				F660B832292FEA0A00C8CF78 /* Weather.swift in Sources */,
				F660B81D292FDFD200C8CF78 /* HomeViewController.swift in Sources */,
				F6FD7C1C2937BD0300658597 /* WeatherBrain.swift in Sources */,
				F660B819292FDFD200C8CF78 /* AppDelegate.swift in Sources */,
				F660B81B292FDFD200C8CF78 /* SceneDelegate.swift in Sources */,
				F6FD7C1E2937BDA200658597 /* extensionTextFieldDelegate.swift in Sources */,
			);
			runOnlyForDeploymentPostprocessing = 0;
		};
/* End PBXSourcesBuildPhase section */

/* Begin PBXVariantGroup section */
		F660B81E292FDFD200C8CF78 /* Main.storyboard */ = {
			isa = PBXVariantGroup;
			children = (
				F660B81F292FDFD200C8CF78 /* Base */,
			);
			name = Main.storyboard;
			sourceTree = "<group>";
		};
		F660B823292FDFD300C8CF78 /* LaunchScreen.storyboard */ = {
			isa = PBXVariantGroup;
			children = (
				F660B824292FDFD300C8CF78 /* Base */,
			);
			name = LaunchScreen.storyboard;
			sourceTree = "<group>";
		};
/* End PBXVariantGroup section */

/* Begin XCBuildConfiguration section */
		F660B827292FDFD300C8CF78 /* Debug */ = {
			isa = XCBuildConfiguration;
			buildSettings = {
				ALWAYS_SEARCH_USER_PATHS = NO;
				CLANG_ANALYZER_NONNULL = YES;
				CLANG_ANALYZER_NUMBER_OBJECT_CONVERSION = YES_AGGRESSIVE;
				CLANG_CXX_LANGUAGE_STANDARD = "gnu++20";
				CLANG_ENABLE_MODULES = YES;
				CLANG_ENABLE_OBJC_ARC = YES;
				CLANG_ENABLE_OBJC_WEAK = YES;
				CLANG_WARN_BLOCK_CAPTURE_AUTORELEASING = YES;
				CLANG_WARN_BOOL_CONVERSION = YES;
				CLANG_WARN_COMMA = YES;
				CLANG_WARN_CONSTANT_CONVERSION = YES;
				CLANG_WARN_DEPRECATED_OBJC_IMPLEMENTATIONS = YES;
				CLANG_WARN_DIRECT_OBJC_ISA_USAGE = YES_ERROR;
				CLANG_WARN_DOCUMENTATION_COMMENTS = YES;
				CLANG_WARN_EMPTY_BODY = YES;
				CLANG_WARN_ENUM_CONVERSION = YES;
				CLANG_WARN_INFINITE_RECURSION = YES;
				CLANG_WARN_INT_CONVERSION = YES;
				CLANG_WARN_NON_LITERAL_NULL_CONVERSION = YES;
				CLANG_WARN_OBJC_IMPLICIT_RETAIN_SELF = YES;
				CLANG_WARN_OBJC_LITERAL_CONVERSION = YES;
				CLANG_WARN_OBJC_ROOT_CLASS = YES_ERROR;
				CLANG_WARN_QUOTED_INCLUDE_IN_FRAMEWORK_HEADER = YES;
				CLANG_WARN_RANGE_LOOP_ANALYSIS = YES;
				CLANG_WARN_STRICT_PROTOTYPES = YES;
				CLANG_WARN_SUSPICIOUS_MOVE = YES;
				CLANG_WARN_UNGUARDED_AVAILABILITY = YES_AGGRESSIVE;
				CLANG_WARN_UNREACHABLE_CODE = YES;
				CLANG_WARN__DUPLICATE_METHOD_MATCH = YES;
				COPY_PHASE_STRIP = NO;
				DEBUG_INFORMATION_FORMAT = dwarf;
				ENABLE_STRICT_OBJC_MSGSEND = YES;
				ENABLE_TESTABILITY = YES;
				GCC_C_LANGUAGE_STANDARD = gnu11;
				GCC_DYNAMIC_NO_PIC = NO;
				GCC_NO_COMMON_BLOCKS = YES;
				GCC_OPTIMIZATION_LEVEL = 0;
				GCC_PREPROCESSOR_DEFINITIONS = (
					"DEBUG=1",
					"$(inherited)",
				);
				GCC_WARN_64_TO_32_BIT_CONVERSION = YES;
				GCC_WARN_ABOUT_RETURN_TYPE = YES_ERROR;
				GCC_WARN_UNDECLARED_SELECTOR = YES;
				GCC_WARN_UNINITIALIZED_AUTOS = YES_AGGRESSIVE;
				GCC_WARN_UNUSED_FUNCTION = YES;
				GCC_WARN_UNUSED_VARIABLE = YES;
				IPHONEOS_DEPLOYMENT_TARGET = 16.0;
				MTL_ENABLE_DEBUG_INFO = INCLUDE_SOURCE;
				MTL_FAST_MATH = YES;
				ONLY_ACTIVE_ARCH = YES;
				SDKROOT = iphoneos;
				SWIFT_ACTIVE_COMPILATION_CONDITIONS = DEBUG;
				SWIFT_OPTIMIZATION_LEVEL = "-Onone";
			};
			name = Debug;
		};
		F660B828292FDFD300C8CF78 /* Release */ = {
			isa = XCBuildConfiguration;
			buildSettings = {
				ALWAYS_SEARCH_USER_PATHS = NO;
				CLANG_ANALYZER_NONNULL = YES;
				CLANG_ANALYZER_NUMBER_OBJECT_CONVERSION = YES_AGGRESSIVE;
				CLANG_CXX_LANGUAGE_STANDARD = "gnu++20";
				CLANG_ENABLE_MODULES = YES;
				CLANG_ENABLE_OBJC_ARC = YES;
				CLANG_ENABLE_OBJC_WEAK = YES;
				CLANG_WARN_BLOCK_CAPTURE_AUTORELEASING = YES;
				CLANG_WARN_BOOL_CONVERSION = YES;
				CLANG_WARN_COMMA = YES;
				CLANG_WARN_CONSTANT_CONVERSION = YES;
				CLANG_WARN_DEPRECATED_OBJC_IMPLEMENTATIONS = YES;
				CLANG_WARN_DIRECT_OBJC_ISA_USAGE = YES_ERROR;
				CLANG_WARN_DOCUMENTATION_COMMENTS = YES;
				CLANG_WARN_EMPTY_BODY = YES;
				CLANG_WARN_ENUM_CONVERSION = YES;
				CLANG_WARN_INFINITE_RECURSION = YES;
				CLANG_WARN_INT_CONVERSION = YES;
				CLANG_WARN_NON_LITERAL_NULL_CONVERSION = YES;
				CLANG_WARN_OBJC_IMPLICIT_RETAIN_SELF = YES;
				CLANG_WARN_OBJC_LITERAL_CONVERSION = YES;
				CLANG_WARN_OBJC_ROOT_CLASS = YES_ERROR;
				CLANG_WARN_QUOTED_INCLUDE_IN_FRAMEWORK_HEADER = YES;
				CLANG_WARN_RANGE_LOOP_ANALYSIS = YES;
				CLANG_WARN_STRICT_PROTOTYPES = YES;
				CLANG_WARN_SUSPICIOUS_MOVE = YES;
				CLANG_WARN_UNGUARDED_AVAILABILITY = YES_AGGRESSIVE;
				CLANG_WARN_UNREACHABLE_CODE = YES;
				CLANG_WARN__DUPLICATE_METHOD_MATCH = YES;
				COPY_PHASE_STRIP = NO;
				DEBUG_INFORMATION_FORMAT = "dwarf-with-dsym";
				ENABLE_NS_ASSERTIONS = NO;
				ENABLE_STRICT_OBJC_MSGSEND = YES;
				GCC_C_LANGUAGE_STANDARD = gnu11;
				GCC_NO_COMMON_BLOCKS = YES;
				GCC_WARN_64_TO_32_BIT_CONVERSION = YES;
				GCC_WARN_ABOUT_RETURN_TYPE = YES_ERROR;
				GCC_WARN_UNDECLARED_SELECTOR = YES;
				GCC_WARN_UNINITIALIZED_AUTOS = YES_AGGRESSIVE;
				GCC_WARN_UNUSED_FUNCTION = YES;
				GCC_WARN_UNUSED_VARIABLE = YES;
				IPHONEOS_DEPLOYMENT_TARGET = 16.0;
				MTL_ENABLE_DEBUG_INFO = NO;
				MTL_FAST_MATH = YES;
				SDKROOT = iphoneos;
				SWIFT_COMPILATION_MODE = wholemodule;
				SWIFT_OPTIMIZATION_LEVEL = "-O";
				VALIDATE_PRODUCT = YES;
			};
			name = Release;
		};
		F660B82A292FDFD300C8CF78 /* Debug */ = {
			isa = XCBuildConfiguration;
			buildSettings = {
				ASSETCATALOG_COMPILER_APPICON_NAME = AppIcon;
				ASSETCATALOG_COMPILER_GLOBAL_ACCENT_COLOR_NAME = AccentColor;
				CODE_SIGN_STYLE = Automatic;
				CURRENT_PROJECT_VERSION = 1;
				GENERATE_INFOPLIST_FILE = YES;
				INFOPLIST_FILE = WeatherMap/Info.plist;
				INFOPLIST_KEY_UIApplicationSupportsIndirectInputEvents = YES;
				INFOPLIST_KEY_UILaunchStoryboardName = LaunchScreen;
				INFOPLIST_KEY_UIMainStoryboardFile = Main;
				INFOPLIST_KEY_UISupportedInterfaceOrientations = UIInterfaceOrientationPortrait;
				INFOPLIST_KEY_UISupportedInterfaceOrientations_iPad = "UIInterfaceOrientationLandscapeLeft UIInterfaceOrientationLandscapeRight UIInterfaceOrientationPortrait UIInterfaceOrientationPortraitUpsideDown";
				LD_RUNPATH_SEARCH_PATHS = (
					"$(inherited)",
					"@executable_path/Frameworks",
				);
				MARKETING_VERSION = 1.0;
				PRODUCT_BUNDLE_IDENTIFIER = com.rocket.programa.WeatherMap;
				PRODUCT_NAME = "$(TARGET_NAME)";
				SWIFT_EMIT_LOC_STRINGS = YES;
				SWIFT_VERSION = 5.0;
				TARGETED_DEVICE_FAMILY = "1,2";
			};
			name = Debug;
		};
		F660B82B292FDFD300C8CF78 /* Release */ = {
			isa = XCBuildConfiguration;
			buildSettings = {
				ASSETCATALOG_COMPILER_APPICON_NAME = AppIcon;
				ASSETCATALOG_COMPILER_GLOBAL_ACCENT_COLOR_NAME = AccentColor;
				CODE_SIGN_STYLE = Automatic;
				CURRENT_PROJECT_VERSION = 1;
				GENERATE_INFOPLIST_FILE = YES;
				INFOPLIST_FILE = WeatherMap/Info.plist;
				INFOPLIST_KEY_UIApplicationSupportsIndirectInputEvents = YES;
				INFOPLIST_KEY_UILaunchStoryboardName = LaunchScreen;
				INFOPLIST_KEY_UIMainStoryboardFile = Main;
				INFOPLIST_KEY_UISupportedInterfaceOrientations = UIInterfaceOrientationPortrait;
				INFOPLIST_KEY_UISupportedInterfaceOrientations_iPad = "UIInterfaceOrientationLandscapeLeft UIInterfaceOrientationLandscapeRight UIInterfaceOrientationPortrait UIInterfaceOrientationPortraitUpsideDown";
				LD_RUNPATH_SEARCH_PATHS = (
					"$(inherited)",
					"@executable_path/Frameworks",
				);
				MARKETING_VERSION = 1.0;
				PRODUCT_BUNDLE_IDENTIFIER = com.rocket.programa.WeatherMap;
				PRODUCT_NAME = "$(TARGET_NAME)";
				SWIFT_EMIT_LOC_STRINGS = YES;
				SWIFT_VERSION = 5.0;
				TARGETED_DEVICE_FAMILY = "1,2";
			};
			name = Release;
		};
/* End XCBuildConfiguration section */

/* Begin XCConfigurationList section */
		F660B810292FDFD200C8CF78 /* Build configuration list for PBXProject "WeatherMap" */ = {
			isa = XCConfigurationList;
			buildConfigurations = (
				F660B827292FDFD300C8CF78 /* Debug */,
				F660B828292FDFD300C8CF78 /* Release */,
			);
			defaultConfigurationIsVisible = 0;
			defaultConfigurationName = Release;
		};
		F660B829292FDFD300C8CF78 /* Build configuration list for PBXNativeTarget "WeatherMap" */ = {
			isa = XCConfigurationList;
			buildConfigurations = (
				F660B82A292FDFD300C8CF78 /* Debug */,
				F660B82B292FDFD300C8CF78 /* Release */,
			);
			defaultConfigurationIsVisible = 0;
			defaultConfigurationName = Release;
		};
/* End XCConfigurationList section */
	};
	rootObject = F660B80D292FDFD200C8CF78 /* Project object */;
}
